
Microsoft Visual Studio Solution File, Format Version 12.00
# Visual Studio Version 16
VisualStudioVersion = 16.0.31005.135
MinimumVisualStudioVersion = 10.0.40219.1
Project("{FAE04EC0-301F-11D3-BF4B-00C04F79EFBC}") = "GameProject", "GameProject\GameProject.csproj", "{AE081B5C-0063-43FA-B9B6-93B5DC0D5AEE}"
EndProject
Global
	GlobalSection(SolutionConfigurationPlatforms) = preSolution
		Debug|Any CPU = Debug|Any CPU
		Release|Any CPU = Release|Any CPU
	EndGlobalSection
	GlobalSection(ProjectConfigurationPlatforms) = postSolution
		{AE081B5C-0063-43FA-B9B6-93B5DC0D5AEE}.Debug|Any CPU.ActiveCfg = Debug|Any CPU
		{AE081B5C-0063-43FA-B9B6-93B5DC0D5AEE}.Debug|Any CPU.Build.0 = Debug|Any CPU
		{AE081B5C-0063-43FA-B9B6-93B5DC0D5AEE}.Release|Any CPU.ActiveCfg = Release|Any CPU
		{AE081B5C-0063-43FA-B9B6-93B5DC0D5AEE}.Release|Any CPU.Build.0 = Release|Any CPU
	EndGlobalSection
	GlobalSection(SolutionProperties) = preSolution
		HideSolutionNode = FALSE
	EndGlobalSection
	GlobalSection(ExtensibilityGlobals) = postSolution
		SolutionGuid = {FEDF162D-225D-4AC3-9BC7-277DF340E60B}
	EndGlobalSection
EndGlobal
